// !$*UTF8*$!
{
	archiveVersion = 1;
	classes = {
	};
	objectVersion = 46;
	objects = {

/* Begin PBXBuildFile section */
		75243C231512D5A400D8EF79 /* UIKit.framework in Frameworks */ = {isa = PBXBuildFile; fileRef = 75243C221512D5A400D8EF79 /* UIKit.framework */; };
		75243C251512D5A400D8EF79 /* Foundation.framework in Frameworks */ = {isa = PBXBuildFile; fileRef = 75243C241512D5A400D8EF79 /* Foundation.framework */; };
		75243C271512D5A400D8EF79 /* CoreGraphics.framework in Frameworks */ = {isa = PBXBuildFile; fileRef = 75243C261512D5A400D8EF79 /* CoreGraphics.framework */; };
		75243C2D1512D5A400D8EF79 /* InfoPlist.strings in Resources */ = {isa = PBXBuildFile; fileRef = 75243C2B1512D5A400D8EF79 /* InfoPlist.strings */; };
		75243C2F1512D5A400D8EF79 /* main.m in Sources */ = {isa = PBXBuildFile; fileRef = 75243C2E1512D5A400D8EF79 /* main.m */; };
		75243C331512D5A400D8EF79 /* DSAppDelegate.m in Sources */ = {isa = PBXBuildFile; fileRef = 75243C321512D5A400D8EF79 /* DSAppDelegate.m */; };
		75243C361512D5A400D8EF79 /* DSViewController.m in Sources */ = {isa = PBXBuildFile; fileRef = 75243C351512D5A400D8EF79 /* DSViewController.m */; };
		75243C391512D5A400D8EF79 /* DSViewController_iPhone.xib in Resources */ = {isa = PBXBuildFile; fileRef = 75243C371512D5A400D8EF79 /* DSViewController_iPhone.xib */; };
		75243C3C1512D5A400D8EF79 /* DSViewController_iPad.xib in Resources */ = {isa = PBXBuildFile; fileRef = 75243C3A1512D5A400D8EF79 /* DSViewController_iPad.xib */; };
/* End PBXBuildFile section */

/* Begin PBXFileReference section */
		75243C1E1512D5A400D8EF79 /* DSGridView.app */ = {isa = PBXFileReference; explicitFileType = wrapper.application; includeInIndex = 0; path = DSGridView.app; sourceTree = BUILT_PRODUCTS_DIR; };
		75243C221512D5A400D8EF79 /* UIKit.framework */ = {isa = PBXFileReference; lastKnownFileType = wrapper.framework; name = UIKit.framework; path = System/Library/Frameworks/UIKit.framework; sourceTree = SDKROOT; };
		75243C241512D5A400D8EF79 /* Foundation.framework */ = {isa = PBXFileReference; lastKnownFileType = wrapper.framework; name = Foundation.framework; path = System/Library/Frameworks/Foundation.framework; sourceTree = SDKROOT; };
		75243C261512D5A400D8EF79 /* CoreGraphics.framework */ = {isa = PBXFileReference; lastKnownFileType = wrapper.framework; name = CoreGraphics.framework; path = System/Library/Frameworks/CoreGraphics.framework; sourceTree = SDKROOT; };
		75243C2A1512D5A400D8EF79 /* DSGridView-Info.plist */ = {isa = PBXFileReference; path = "DSGridView-Info.plist"; sourceTree = "<group>"; };
		75243C2C1512D5A400D8EF79 /* en */ = {isa = PBXFileReference; lastKnownFileType = text.plist.strings; name = en; path = en.lproj/InfoPlist.strings; sourceTree = "<group>"; };
		75243C2E1512D5A400D8EF79 /* main.m */ = {isa = PBXFileReference; lastKnownFileType = sourcecode.c.objc; path = main.m; sourceTree = "<group>"; };
		75243C301512D5A400D8EF79 /* DSGridView-Prefix.pch */ = {isa = PBXFileReference; path = "DSGridView-Prefix.pch"; sourceTree = "<group>"; };
		75243C311512D5A400D8EF79 /* DSAppDelegate.h */ = {isa = PBXFileReference; path = DSAppDelegate.h; sourceTree = "<group>"; };
		75243C321512D5A400D8EF79 /* DSAppDelegate.m */ = {isa = PBXFileReference; lastKnownFileType = sourcecode.c.objc; path = DSAppDelegate.m; sourceTree = "<group>"; };
		75243C341512D5A400D8EF79 /* DSViewController.h */ = {isa = PBXFileReference; path = DSViewController.h; sourceTree = "<group>"; };
		75243C351512D5A400D8EF79 /* DSViewController.m */ = {isa = PBXFileReference; lastKnownFileType = sourcecode.c.objc; path = DSViewController.m; sourceTree = "<group>"; };
		75243C381512D5A400D8EF79 /* en */ = {isa = PBXFileReference; lastKnownFileType = file.xib; name = en; path = en.lproj/DSViewController_iPhone.xib; sourceTree = "<group>"; };
		75243C3B1512D5A400D8EF79 /* en */ = {isa = PBXFileReference; lastKnownFileType = file.xib; name = en; path = en.lproj/DSViewController_iPad.xib; sourceTree = "<group>"; };
/* End PBXFileReference section */

/* Begin PBXFrameworksBuildPhase section */
		75243C1B1512D5A400D8EF79 /* Frameworks */ = {
			isa = PBXFrameworksBuildPhase;
			buildActionMask = 2147483647;
			files = (
				75243C231512D5A400D8EF79 /* UIKit.framework in Frameworks */,
				75243C251512D5A400D8EF79 /* Foundation.framework in Frameworks */,
				75243C271512D5A400D8EF79 /* CoreGraphics.framework in Frameworks */,
			);
			runOnlyForDeploymentPostprocessing = 0;
		};
/* End PBXFrameworksBuildPhase section */

/* Begin PBXGroup section */
		75243C131512D5A400D8EF79 = {
			isa = PBXGroup;
			children = (
				75243C281512D5A400D8EF79 /* DSGridView */,
				75243C211512D5A400D8EF79 /* Frameworks */,
				75243C1F1512D5A400D8EF79 /* Products */,
			);
			sourceTree = "<group>";
		};
		75243C1F1512D5A400D8EF79 /* Products */ = {
			isa = PBXGroup;
			children = (
				75243C1E1512D5A400D8EF79 /* DSGridView.app */,
			);
			name = Products;
			sourceTree = "<group>";
		};
		75243C211512D5A400D8EF79 /* Frameworks */ = {
			isa = PBXGroup;
			children = (
				75243C221512D5A400D8EF79 /* UIKit.framework */,
				75243C241512D5A400D8EF79 /* Foundation.framework */,
				75243C261512D5A400D8EF79 /* CoreGraphics.framework */,
			);
			name = Frameworks;
			sourceTree = "<group>";
		};
		75243C281512D5A400D8EF79 /* DSGridView */ = {
			isa = PBXGroup;
			children = (
				75243C311512D5A400D8EF79 /* DSAppDelegate.h */,
				75243C321512D5A400D8EF79 /* DSAppDelegate.m */,
				75243C341512D5A400D8EF79 /* DSViewController.h */,
				75243C351512D5A400D8EF79 /* DSViewController.m */,
				75243C371512D5A400D8EF79 /* DSViewController_iPhone.xib */,
				75243C3A1512D5A400D8EF79 /* DSViewController_iPad.xib */,
				75243C291512D5A400D8EF79 /* Supporting Files */,
			);
			path = DSGridView;
			sourceTree = "<group>";
		};
		75243C291512D5A400D8EF79 /* Supporting Files */ = {
			isa = PBXGroup;
			children = (
				75243C2A1512D5A400D8EF79 /* DSGridView-Info.plist */,
				75243C2B1512D5A400D8EF79 /* InfoPlist.strings */,
				75243C2E1512D5A400D8EF79 /* main.m */,
				75243C301512D5A400D8EF79 /* DSGridView-Prefix.pch */,
			);
			name = "Supporting Files";
			sourceTree = "<group>";
		};
/* End PBXGroup section */

/* Begin PBXNativeTarget section */
		75243C1D1512D5A400D8EF79 /* DSGridView */ = {
			isa = PBXNativeTarget;
			buildConfigurationList = 75243C3F1512D5A400D8EF79 /* Build configuration list for PBXNativeTarget "DSGridView" */;
			buildPhases = (
				75243C1A1512D5A400D8EF79 /* Sources */,
				75243C1B1512D5A400D8EF79 /* Frameworks */,
				75243C1C1512D5A400D8EF79 /* Resources */,
			);
			buildRules = (
			);
			dependencies = (
			);
			name = DSGridView;
			productName = DSGridView;
			productReference = 75243C1E1512D5A400D8EF79 /* DSGridView.app */;
			productType = "com.apple.product-type.application";
		};
/* End PBXNativeTarget section */

/* Begin PBXProject section */
		75243C151512D5A400D8EF79 /* Project object */ = {
			isa = PBXProject;
			attributes = {
				CLASSPREFIX = DS;
				LastUpgradeCheck = 0430;
				ORGANIZATIONNAME = Dreamsocket;
			};
			buildConfigurationList = 75243C181512D5A400D8EF79 /* Build configuration list for PBXProject "DSGridView" */;
			compatibilityVersion = "Xcode 3.2";
			developmentRegion = English;
			hasScannedForEncodings = 0;
			knownRegions = (
				en,
			);
			mainGroup = 75243C131512D5A400D8EF79;
			productRefGroup = 75243C1F1512D5A400D8EF79 /* Products */;
			projectDirPath = "";
			projectRoot = "";
			targets = (
				75243C1D1512D5A400D8EF79 /* DSGridView */,
			);
		};
/* End PBXProject section */

/* Begin PBXResourcesBuildPhase section */
		75243C1C1512D5A400D8EF79 /* Resources */ = {
			isa = PBXResourcesBuildPhase;
			buildActionMask = 2147483647;
			files = (
				75243C2D1512D5A400D8EF79 /* InfoPlist.strings in Resources */,
				75243C391512D5A400D8EF79 /* DSViewController_iPhone.xib in Resources */,
				75243C3C1512D5A400D8EF79 /* DSViewController_iPad.xib in Resources */,
			);
			runOnlyForDeploymentPostprocessing = 0;
		};
/* End PBXResourcesBuildPhase section */

/* Begin PBXSourcesBuildPhase section */
		75243C1A1512D5A400D8EF79 /* Sources */ = {
			isa = PBXSourcesBuildPhase;
			buildActionMask = 2147483647;
			files = (
				75243C2F1512D5A400D8EF79 /* main.m in Sources */,
				75243C331512D5A400D8EF79 /* DSAppDelegate.m in Sources */,
				75243C361512D5A400D8EF79 /* DSViewController.m in Sources */,
			);
			runOnlyForDeploymentPostprocessing = 0;
		};
/* End PBXSourcesBuildPhase section */

/* Begin PBXVariantGroup section */
		75243C2B1512D5A400D8EF79 /* InfoPlist.strings */ = {
			isa = PBXVariantGroup;
			children = (
				75243C2C1512D5A400D8EF79 /* en */,
			);
			name = InfoPlist.strings;
			sourceTree = "<group>";
		};
		75243C371512D5A400D8EF79 /* DSViewController_iPhone.xib */ = {
			isa = PBXVariantGroup;
			children = (
				75243C381512D5A400D8EF79 /* en */,
			);
			name = DSViewController_iPhone.xib;
			sourceTree = "<group>";
		};
		75243C3A1512D5A400D8EF79 /* DSViewController_iPad.xib */ = {
			isa = PBXVariantGroup;
			children = (
				75243C3B1512D5A400D8EF79 /* en */,
			);
			name = DSViewController_iPad.xib;
			sourceTree = "<group>";
		};
/* End PBXVariantGroup section */

/* Begin XCBuildConfiguration section */
		75243C3D1512D5A400D8EF79 /* Debug */ = {
			isa = XCBuildConfiguration;
			buildSettings = {
				ALWAYS_SEARCH_USER_PATHS = NO;
				ARCHS = "$(ARCHS_STANDARD_32_BIT)";
				CLANG_ENABLE_OBJC_ARC = YES;
				"CODE_SIGN_IDENTITY[sdk=iphoneos*]" = "iPhone Developer";
				COPY_PHASE_STRIP = NO;
				GCC_C_LANGUAGE_STANDARD = gnu99;
				GCC_DYNAMIC_NO_PIC = NO;
				GCC_OPTIMIZATION_LEVEL = 0;
				GCC_PREPROCESSOR_DEFINITIONS = (
					"DEBUG=1",
					"$(inherited)",
				);
				GCC_SYMBOLS_PRIVATE_EXTERN = NO;
				GCC_VERSION = com.apple.compilers.llvm.clang.1_0;
				GCC_WARN_ABOUT_RETURN_TYPE = YES;
				GCC_WARN_UNINITIALIZED_AUTOS = YES;
				GCC_WARN_UNUSED_VARIABLE = YES;
				IPHONEOS_DEPLOYMENT_TARGET = 5.1;
				SDKROOT = iphoneos;
				TARGETED_DEVICE_FAMILY = "1,2";
			};
			name = Debug;
		};
		75243C3E1512D5A400D8EF79 /* Release */ = {
			isa = XCBuildConfiguration;
			buildSettings = {
				ALWAYS_SEARCH_USER_PATHS = NO;
				ARCHS = "$(ARCHS_STANDARD_32_BIT)";
				CLANG_ENABLE_OBJC_ARC = YES;
				"CODE_SIGN_IDENTITY[sdk=iphoneos*]" = "iPhone Developer";
				COPY_PHASE_STRIP = YES;
				GCC_C_LANGUAGE_STANDARD = gnu99;
				GCC_VERSION = com.apple.compilers.llvm.clang.1_0;
				GCC_WARN_ABOUT_RETURN_TYPE = YES;
				GCC_WARN_UNINITIALIZED_AUTOS = YES;
				GCC_WARN_UNUSED_VARIABLE = YES;
				IPHONEOS_DEPLOYMENT_TARGET = 5.1;
				OTHER_CFLAGS = "-DNS_BLOCK_ASSERTIONS=1";
				SDKROOT = iphoneos;
				TARGETED_DEVICE_FAMILY = "1,2";
				VALIDATE_PRODUCT = YES;
			};
			name = Release;
		};
		75243C401512D5A400D8EF79 /* Debug */ = {
			isa = XCBuildConfiguration;
			buildSettings = {
				GCC_PRECOMPILE_PREFIX_HEADER = YES;
				GCC_PREFIX_HEADER = "DSGridView/DSGridView-Prefix.pch";
				INFOPLIST_FILE = "DSGridView/DSGridView-Info.plist";
				PRODUCT_NAME = "$(TARGET_NAME)";
				WRAPPER_EXTENSION = app;
			};
			name = Debug;
		};
		75243C411512D5A400D8EF79 /* Release */ = {
			isa = XCBuildConfiguration;
			buildSettings = {
				GCC_PRECOMPILE_PREFIX_HEADER = YES;
				GCC_PREFIX_HEADER = "DSGridView/DSGridView-Prefix.pch";
				INFOPLIST_FILE = "DSGridView/DSGridView-Info.plist";
				PRODUCT_NAME = "$(TARGET_NAME)";
				WRAPPER_EXTENSION = app;
			};
			name = Release;
		};
/* End XCBuildConfiguration section */

/* Begin XCConfigurationList section */
		75243C181512D5A400D8EF79 /* Build configuration list for PBXProject "DSGridView" */ = {
			isa = XCConfigurationList;
			buildConfigurations = (
				75243C3D1512D5A400D8EF79 /* Debug */,
				75243C3E1512D5A400D8EF79 /* Release */,
			);
			defaultConfigurationIsVisible = 0;
			defaultConfigurationName = Release;
		};
		75243C3F1512D5A400D8EF79 /* Build configuration list for PBXNativeTarget "DSGridView" */ = {
			isa = XCConfigurationList;
			buildConfigurations = (
				75243C401512D5A400D8EF79 /* Debug */,
				75243C411512D5A400D8EF79 /* Release */,
			);
			defaultConfigurationIsVisible = 0;
		};
/* End XCConfigurationList section */
	};
	rootObject = 75243C151512D5A400D8EF79 /* Project object */;
}
